
Microsoft Visual Studio Solution File, Format Version 12.00
# Visual Studio Version 17
VisualStudioVersion = 17.4.33205.214
MinimumVisualStudioVersion = 10.0.40219.1
Project("{FAE04EC0-301F-11D3-BF4B-00C04F79EFBC}") = "MyAppWeb", "MyAppWeb\MyAppWeb.csproj", "{24CC700C-9822-4C9D-BC74-FB7534BBCC27}"
EndProject
Global
	GlobalSection(SolutionConfigurationPlatforms) = preSolution
		Debug|Any CPU = Debug|Any CPU
		Release|Any CPU = Release|Any CPU
	EndGlobalSection
	GlobalSection(ProjectConfigurationPlatforms) = postSolution
		{24CC700C-9822-4C9D-BC74-FB7534BBCC27}.Debug|Any CPU.ActiveCfg = Debug|Any CPU
		{24CC700C-9822-4C9D-BC74-FB7534BBCC27}.Debug|Any CPU.Build.0 = Debug|Any CPU
		{24CC700C-9822-4C9D-BC74-FB7534BBCC27}.Release|Any CPU.ActiveCfg = Release|Any CPU
		{24CC700C-9822-4C9D-BC74-FB7534BBCC27}.Release|Any CPU.Build.0 = Release|Any CPU
	EndGlobalSection
	GlobalSection(SolutionProperties) = preSolution
		HideSolutionNode = FALSE
	EndGlobalSection
	GlobalSection(ExtensibilityGlobals) = postSolution
		SolutionGuid = {FE098728-7872-4FA6-B5F8-9EA5B4681CEF}
	EndGlobalSection
EndGlobal
